
Microsoft Visual Studio Solution File, Format Version 12.00
# Visual Studio Version 17
VisualStudioVersion = 17.8.34525.116
MinimumVisualStudioVersion = 10.0.40219.1
Project("{FAE04EC0-301F-11D3-BF4B-00C04F79EFBC}") = "Sales Forecasting Application(Razor)", "Sales Forecasting Application(Razor)\Sales Forecasting Application(Razor).csproj", "{8B8C004F-038E-47A0-9AF4-0B7E8E5FF159}"
EndProject
Global
	GlobalSection(SolutionConfigurationPlatforms) = preSolution
		Debug|Any CPU = Debug|Any CPU
		Release|Any CPU = Release|Any CPU
	EndGlobalSection
	GlobalSection(ProjectConfigurationPlatforms) = postSolution
		{8B8C004F-038E-47A0-9AF4-0B7E8E5FF159}.Debug|Any CPU.ActiveCfg = Debug|Any CPU
		{8B8C004F-038E-47A0-9AF4-0B7E8E5FF159}.Debug|Any CPU.Build.0 = Debug|Any CPU
		{8B8C004F-038E-47A0-9AF4-0B7E8E5FF159}.Release|Any CPU.ActiveCfg = Release|Any CPU
		{8B8C004F-038E-47A0-9AF4-0B7E8E5FF159}.Release|Any CPU.Build.0 = Release|Any CPU
	EndGlobalSection
	GlobalSection(SolutionProperties) = preSolution
		HideSolutionNode = FALSE
	EndGlobalSection
	GlobalSection(ExtensibilityGlobals) = postSolution
		SolutionGuid = {C7360D51-A9C4-4C56-8D8C-478D9F47FF1E}
	EndGlobalSection
EndGlobal
